{
  "name": "mern-docs-assistant",
  "version": "0.1.0",
  "lockfileVersion": 2,
  "requires": true,
  "packages": {
    "": {
      "name": "mern-docs-assistant",
      "version": "0.1.0",
      "workspaces": [
        "server",
        "client"
      ],
      "engines": {
        "node": ">=18 <19"
      }
    },
    "node_modules/client": {
      "resolved": "client",
      "link": true
    },
    "node_modules/server": {
      "resolved": "server",
      "link": true
    },
    "client": {
      "version": "0.1.0"
    },
    "server": {
      "version": "0.1.0",
      "engines": {
        "node": ">=18 <19"
      }
    }
  }
}
